
Microsoft Visual Studio Solution File, Format Version 12.00
# Visual Studio 2012
VisualStudioVersion = 12.0.31101.0
MinimumVisualStudioVersion = 10.0.40219.1
Project("{D954291E-2A0B-460D-934E-DC6B0785DB48}") = "Acr.IO.Shared", "Acr.IO.Shared\Acr.IO.Shared.shproj", "{A15FD6BD-96E8-4094-8647-FEC769DC38DE}"
EndProject
Project("{2150E333-8FDC-42A3-9474-1A3956D46DE8}") = "Platforms", "Platforms", "{5D70461B-E25A-4251-9084-480B02E4F0CB}"
EndProject
Project("{FAE04EC0-301F-11D3-BF4B-00C04F79EFBC}") = "Acr.IO", "Acr.IO\Acr.IO.csproj", "{A35E0D2E-F509-4925-8D08-293C330A8E08}"
EndProject
Project("{FAE04EC0-301F-11D3-BF4B-00C04F79EFBC}") = "Acr.IO.Android", "Acr.IO.Android\Acr.IO.Android.csproj", "{89BC5EE7-8D42-4BDD-8BBC-50DBA700C0A9}"
EndProject
Project("{FAE04EC0-301F-11D3-BF4B-00C04F79EFBC}") = "Acr.IO.iOS", "Acr.IO.iOS\Acr.IO.iOS.csproj", "{5833ED04-4638-472D-911A-728B7A03C0D1}"
EndProject
Project("{FAE04EC0-301F-11D3-BF4B-00C04F79EFBC}") = "Acr.IO.Windows", "Acr.IO.Windows\Acr.IO.Windows.csproj", "{452A5A92-9194-4C1D-9775-382A44785336}"
EndProject
Project("{FAE04EC0-301F-11D3-BF4B-00C04F79EFBC}") = "Acr.IO.WindowsPhone", "Acr.IO.WindowsPhone\Acr.IO.WindowsPhone.csproj", "{602A2388-5B02-4F99-8BF2-80D362855FBA}"
EndProject
Project("{2150E333-8FDC-42A3-9474-1A3956D46DE8}") = "Solution Items", "Solution Items", "{5005E7F1-B367-41CB-AFAB-FC7237B10241}"
	ProjectSection(SolutionItems) = preProject
		..\nuspec\Acr.IO.nuspec = ..\nuspec\Acr.IO.nuspec
		..\nuspec\pack.cmd = ..\nuspec\pack.cmd
		..\nuspec\push.cmd = ..\nuspec\push.cmd
		..\readme.md = ..\readme.md
	EndProjectSection
EndProject
Project("{FAE04EC0-301F-11D3-BF4B-00C04F79EFBC}") = "Samples", "Samples\Samples\Samples.csproj", "{F00E1613-0D67-496A-9AAE-719FD75E9994}"
EndProject
Project("{FAE04EC0-301F-11D3-BF4B-00C04F79EFBC}") = "Samples.iOS", "Samples\Samples.iOS\Samples.iOS.csproj", "{AEFEEC0A-9704-4441-BF38-BC034F818A85}"
EndProject
Project("{FAE04EC0-301F-11D3-BF4B-00C04F79EFBC}") = "Samples.Droid", "Samples\Samples.Droid\Samples.Droid.csproj", "{82E07B09-C55F-43CD-8092-EDCA32A529BC}"
EndProject
Project("{FAE04EC0-301F-11D3-BF4B-00C04F79EFBC}") = "Samples.WinPhone", "Samples\Samples.WinPhone\Samples.WinPhone.csproj", "{3F733D88-3ACF-41DE-9B77-1F8CD85E47F7}"
EndProject
Project("{FAE04EC0-301F-11D3-BF4B-00C04F79EFBC}") = "UITests", "UITests\UITests.csproj", "{980B2CDC-96E3-49CB-845E-D670BEEF8C23}"
EndProject
Global
	GlobalSection(SolutionConfigurationPlatforms) = preSolution
		Ad-Hoc|Any CPU = Ad-Hoc|Any CPU
		Ad-Hoc|ARM = Ad-Hoc|ARM
		Ad-Hoc|iPhone = Ad-Hoc|iPhone
		Ad-Hoc|iPhoneSimulator = Ad-Hoc|iPhoneSimulator
		Ad-Hoc|Mixed Platforms = Ad-Hoc|Mixed Platforms
		Ad-Hoc|x86 = Ad-Hoc|x86
		AppStore|Any CPU = AppStore|Any CPU
		AppStore|ARM = AppStore|ARM
		AppStore|iPhone = AppStore|iPhone
		AppStore|iPhoneSimulator = AppStore|iPhoneSimulator
		AppStore|Mixed Platforms = AppStore|Mixed Platforms
		AppStore|x86 = AppStore|x86
		Debug|Any CPU = Debug|Any CPU
		Debug|ARM = Debug|ARM
		Debug|iPhone = Debug|iPhone
		Debug|iPhoneSimulator = Debug|iPhoneSimulator
		Debug|Mixed Platforms = Debug|Mixed Platforms
		Debug|x86 = Debug|x86
		Release|Any CPU = Release|Any CPU
		Release|ARM = Release|ARM
		Release|iPhone = Release|iPhone
		Release|iPhoneSimulator = Release|iPhoneSimulator
		Release|Mixed Platforms = Release|Mixed Platforms
		Release|x86 = Release|x86
	EndGlobalSection
	GlobalSection(ProjectConfigurationPlatforms) = postSolution
		{3F733D88-3ACF-41DE-9B77-1F8CD85E47F7}.Ad-Hoc|Any CPU.ActiveCfg = Release|Any CPU
		{3F733D88-3ACF-41DE-9B77-1F8CD85E47F7}.Ad-Hoc|Any CPU.Build.0 = Release|Any CPU
		{3F733D88-3ACF-41DE-9B77-1F8CD85E47F7}.Ad-Hoc|Any CPU.Deploy.0 = Release|Any CPU
		{3F733D88-3ACF-41DE-9B77-1F8CD85E47F7}.Ad-Hoc|ARM.ActiveCfg = Release|ARM
		{3F733D88-3ACF-41DE-9B77-1F8CD85E47F7}.Ad-Hoc|ARM.Build.0 = Release|ARM
		{3F733D88-3ACF-41DE-9B77-1F8CD85E47F7}.Ad-Hoc|ARM.Deploy.0 = Release|ARM
		{3F733D88-3ACF-41DE-9B77-1F8CD85E47F7}.Ad-Hoc|iPhone.ActiveCfg = Release|Any CPU
		{3F733D88-3ACF-41DE-9B77-1F8CD85E47F7}.Ad-Hoc|iPhoneSimulator.ActiveCfg = Release|Any CPU
		{3F733D88-3ACF-41DE-9B77-1F8CD85E47F7}.Ad-Hoc|Mixed Platforms.ActiveCfg = Release|x86
		{3F733D88-3ACF-41DE-9B77-1F8CD85E47F7}.Ad-Hoc|Mixed Platforms.Build.0 = Release|x86
		{3F733D88-3ACF-41DE-9B77-1F8CD85E47F7}.Ad-Hoc|Mixed Platforms.Deploy.0 = Release|x86
		{3F733D88-3ACF-41DE-9B77-1F8CD85E47F7}.Ad-Hoc|x86.ActiveCfg = Release|x86
		{3F733D88-3ACF-41DE-9B77-1F8CD85E47F7}.Ad-Hoc|x86.Build.0 = Release|x86
		{3F733D88-3ACF-41DE-9B77-1F8CD85E47F7}.Ad-Hoc|x86.Deploy.0 = Release|x86
		{3F733D88-3ACF-41DE-9B77-1F8CD85E47F7}.AppStore|Any CPU.ActiveCfg = Release|Any CPU
		{3F733D88-3ACF-41DE-9B77-1F8CD85E47F7}.AppStore|Any CPU.Build.0 = Release|Any CPU
		{3F733D88-3ACF-41DE-9B77-1F8CD85E47F7}.AppStore|Any CPU.Deploy.0 = Release|Any CPU
		{3F733D88-3ACF-41DE-9B77-1F8CD85E47F7}.AppStore|ARM.ActiveCfg = Release|ARM
		{3F733D88-3ACF-41DE-9B77-1F8CD85E47F7}.AppStore|ARM.Build.0 = Release|ARM
		{3F733D88-3ACF-41DE-9B77-1F8CD85E47F7}.AppStore|ARM.Deploy.0 = Release|ARM
		{3F733D88-3ACF-41DE-9B77-1F8CD85E47F7}.AppStore|iPhone.ActiveCfg = Release|Any CPU
		{3F733D88-3ACF-41DE-9B77-1F8CD85E47F7}.AppStore|iPhoneSimulator.ActiveCfg = Release|Any CPU
		{3F733D88-3ACF-41DE-9B77-1F8CD85E47F7}.AppStore|Mixed Platforms.ActiveCfg = Release|x86
		{3F733D88-3ACF-41DE-9B77-1F8CD85E47F7}.AppStore|Mixed Platforms.Build.0 = Release|x86
		{3F733D88-3ACF-41DE-9B77-1F8CD85E47F7}.AppStore|Mixed Platforms.Deploy.0 = Release|x86
		{3F733D88-3ACF-41DE-9B77-1F8CD85E47F7}.AppStore|x86.ActiveCfg = Release|x86
		{3F733D88-3ACF-41DE-9B77-1F8CD85E47F7}.AppStore|x86.Build.0 = Release|x86
		{3F733D88-3ACF-41DE-9B77-1F8CD85E47F7}.AppStore|x86.Deploy.0 = Release|x86
		{3F733D88-3ACF-41DE-9B77-1F8CD85E47F7}.Debug|Any CPU.ActiveCfg = Debug|Any CPU
		{3F733D88-3ACF-41DE-9B77-1F8CD85E47F7}.Debug|Any CPU.Build.0 = Debug|Any CPU
		{3F733D88-3ACF-41DE-9B77-1F8CD85E47F7}.Debug|Any CPU.Deploy.0 = Debug|Any CPU
		{3F733D88-3ACF-41DE-9B77-1F8CD85E47F7}.Debug|ARM.ActiveCfg = Debug|ARM
		{3F733D88-3ACF-41DE-9B77-1F8CD85E47F7}.Debug|ARM.Build.0 = Debug|ARM
		{3F733D88-3ACF-41DE-9B77-1F8CD85E47F7}.Debug|ARM.Deploy.0 = Debug|ARM
		{3F733D88-3ACF-41DE-9B77-1F8CD85E47F7}.Debug|iPhone.ActiveCfg = Debug|Any CPU
		{3F733D88-3ACF-41DE-9B77-1F8CD85E47F7}.Debug|iPhoneSimulator.ActiveCfg = Debug|Any CPU
		{3F733D88-3ACF-41DE-9B77-1F8CD85E47F7}.Debug|Mixed Platforms.ActiveCfg = Debug|x86
		{3F733D88-3ACF-41DE-9B77-1F8CD85E47F7}.Debug|Mixed Platforms.Build.0 = Debug|x86
		{3F733D88-3ACF-41DE-9B77-1F8CD85E47F7}.Debug|Mixed Platforms.Deploy.0 = Debug|x86
		{3F733D88-3ACF-41DE-9B77-1F8CD85E47F7}.Debug|x86.ActiveCfg = Debug|x86
		{3F733D88-3ACF-41DE-9B77-1F8CD85E47F7}.Debug|x86.Build.0 = Debug|x86
		{3F733D88-3ACF-41DE-9B77-1F8CD85E47F7}.Debug|x86.Deploy.0 = Debug|x86
		{3F733D88-3ACF-41DE-9B77-1F8CD85E47F7}.Release|Any CPU.ActiveCfg = Release|Any CPU
		{3F733D88-3ACF-41DE-9B77-1F8CD85E47F7}.Release|Any CPU.Build.0 = Release|Any CPU
		{3F733D88-3ACF-41DE-9B77-1F8CD85E47F7}.Release|Any CPU.Deploy.0 = Release|Any CPU
		{3F733D88-3ACF-41DE-9B77-1F8CD85E47F7}.Release|ARM.ActiveCfg = Release|ARM
		{3F733D88-3ACF-41DE-9B77-1F8CD85E47F7}.Release|ARM.Build.0 = Release|ARM
		{3F733D88-3ACF-41DE-9B77-1F8CD85E47F7}.Release|ARM.Deploy.0 = Release|ARM
		{3F733D88-3ACF-41DE-9B77-1F8CD85E47F7}.Release|iPhone.ActiveCfg = Release|Any CPU
		{3F733D88-3ACF-41DE-9B77-1F8CD85E47F7}.Release|iPhoneSimulator.ActiveCfg = Release|Any CPU
		{3F733D88-3ACF-41DE-9B77-1F8CD85E47F7}.Release|Mixed Platforms.ActiveCfg = Release|x86
		{3F733D88-3ACF-41DE-9B77-1F8CD85E47F7}.Release|Mixed Platforms.Build.0 = Release|x86
		{3F733D88-3ACF-41DE-9B77-1F8CD85E47F7}.Release|Mixed Platforms.Deploy.0 = Release|x86
		{3F733D88-3ACF-41DE-9B77-1F8CD85E47F7}.Release|x86.ActiveCfg = Release|x86
		{3F733D88-3ACF-41DE-9B77-1F8CD85E47F7}.Release|x86.Build.0 = Release|x86
		{3F733D88-3ACF-41DE-9B77-1F8CD85E47F7}.Release|x86.Deploy.0 = Release|x86
		{452A5A92-9194-4C1D-9775-382A44785336}.Ad-Hoc|Any CPU.ActiveCfg = Release|Any CPU
		{452A5A92-9194-4C1D-9775-382A44785336}.Ad-Hoc|Any CPU.Build.0 = Release|Any CPU
		{452A5A92-9194-4C1D-9775-382A44785336}.Ad-Hoc|ARM.ActiveCfg = Release|Any CPU
		{452A5A92-9194-4C1D-9775-382A44785336}.Ad-Hoc|iPhone.ActiveCfg = Release|Any CPU
		{452A5A92-9194-4C1D-9775-382A44785336}.Ad-Hoc|iPhoneSimulator.ActiveCfg = Release|Any CPU
		{452A5A92-9194-4C1D-9775-382A44785336}.Ad-Hoc|Mixed Platforms.ActiveCfg = Release|Any CPU
		{452A5A92-9194-4C1D-9775-382A44785336}.Ad-Hoc|Mixed Platforms.Build.0 = Release|Any CPU
		{452A5A92-9194-4C1D-9775-382A44785336}.Ad-Hoc|x86.ActiveCfg = Release|Any CPU
		{452A5A92-9194-4C1D-9775-382A44785336}.AppStore|Any CPU.ActiveCfg = Release|Any CPU
		{452A5A92-9194-4C1D-9775-382A44785336}.AppStore|Any CPU.Build.0 = Release|Any CPU
		{452A5A92-9194-4C1D-9775-382A44785336}.AppStore|ARM.ActiveCfg = Release|Any CPU
		{452A5A92-9194-4C1D-9775-382A44785336}.AppStore|iPhone.ActiveCfg = Release|Any CPU
		{452A5A92-9194-4C1D-9775-382A44785336}.AppStore|iPhoneSimulator.ActiveCfg = Release|Any CPU
		{452A5A92-9194-4C1D-9775-382A44785336}.AppStore|Mixed Platforms.ActiveCfg = Release|Any CPU
		{452A5A92-9194-4C1D-9775-382A44785336}.AppStore|Mixed Platforms.Build.0 = Release|Any CPU
		{452A5A92-9194-4C1D-9775-382A44785336}.AppStore|x86.ActiveCfg = Release|Any CPU
		{452A5A92-9194-4C1D-9775-382A44785336}.Debug|Any CPU.ActiveCfg = Debug|Any CPU
		{452A5A92-9194-4C1D-9775-382A44785336}.Debug|Any CPU.Build.0 = Debug|Any CPU
		{452A5A92-9194-4C1D-9775-382A44785336}.Debug|ARM.ActiveCfg = Debug|Any CPU
		{452A5A92-9194-4C1D-9775-382A44785336}.Debug|iPhone.ActiveCfg = Debug|Any CPU
		{452A5A92-9194-4C1D-9775-382A44785336}.Debug|iPhoneSimulator.ActiveCfg = Debug|Any CPU
		{452A5A92-9194-4C1D-9775-382A44785336}.Debug|Mixed Platforms.ActiveCfg = Debug|Any CPU
		{452A5A92-9194-4C1D-9775-382A44785336}.Debug|Mixed Platforms.Build.0 = Debug|Any CPU
		{452A5A92-9194-4C1D-9775-382A44785336}.Debug|x86.ActiveCfg = Debug|Any CPU
		{452A5A92-9194-4C1D-9775-382A44785336}.Release|Any CPU.ActiveCfg = Release|Any CPU
		{452A5A92-9194-4C1D-9775-382A44785336}.Release|Any CPU.Build.0 = Release|Any CPU
		{452A5A92-9194-4C1D-9775-382A44785336}.Release|ARM.ActiveCfg = Release|Any CPU
		{452A5A92-9194-4C1D-9775-382A44785336}.Release|iPhone.ActiveCfg = Release|Any CPU
		{452A5A92-9194-4C1D-9775-382A44785336}.Release|iPhoneSimulator.ActiveCfg = Release|Any CPU
		{452A5A92-9194-4C1D-9775-382A44785336}.Release|Mixed Platforms.ActiveCfg = Release|Any CPU
		{452A5A92-9194-4C1D-9775-382A44785336}.Release|Mixed Platforms.Build.0 = Release|Any CPU
		{452A5A92-9194-4C1D-9775-382A44785336}.Release|x86.ActiveCfg = Release|Any CPU
		{5833ED04-4638-472D-911A-728B7A03C0D1}.Ad-Hoc|Any CPU.ActiveCfg = Release|Any CPU
		{5833ED04-4638-472D-911A-728B7A03C0D1}.Ad-Hoc|Any CPU.Build.0 = Release|Any CPU
		{5833ED04-4638-472D-911A-728B7A03C0D1}.Ad-Hoc|ARM.ActiveCfg = Release|Any CPU
		{5833ED04-4638-472D-911A-728B7A03C0D1}.Ad-Hoc|iPhone.ActiveCfg = Release|Any CPU
		{5833ED04-4638-472D-911A-728B7A03C0D1}.Ad-Hoc|iPhoneSimulator.ActiveCfg = Release|Any CPU
		{5833ED04-4638-472D-911A-728B7A03C0D1}.Ad-Hoc|Mixed Platforms.ActiveCfg = Release|Any CPU
		{5833ED04-4638-472D-911A-728B7A03C0D1}.Ad-Hoc|Mixed Platforms.Build.0 = Release|Any CPU
		{5833ED04-4638-472D-911A-728B7A03C0D1}.Ad-Hoc|x86.ActiveCfg = Release|Any CPU
		{5833ED04-4638-472D-911A-728B7A03C0D1}.AppStore|Any CPU.ActiveCfg = Release|Any CPU
		{5833ED04-4638-472D-911A-728B7A03C0D1}.AppStore|Any CPU.Build.0 = Release|Any CPU
		{5833ED04-4638-472D-911A-728B7A03C0D1}.AppStore|ARM.ActiveCfg = Release|Any CPU
		{5833ED04-4638-472D-911A-728B7A03C0D1}.AppStore|iPhone.ActiveCfg = Release|Any CPU
		{5833ED04-4638-472D-911A-728B7A03C0D1}.AppStore|iPhoneSimulator.ActiveCfg = Release|Any CPU
		{5833ED04-4638-472D-911A-728B7A03C0D1}.AppStore|Mixed Platforms.ActiveCfg = Release|Any CPU
		{5833ED04-4638-472D-911A-728B7A03C0D1}.AppStore|Mixed Platforms.Build.0 = Release|Any CPU
		{5833ED04-4638-472D-911A-728B7A03C0D1}.AppStore|x86.ActiveCfg = Release|Any CPU
		{5833ED04-4638-472D-911A-728B7A03C0D1}.Debug|Any CPU.ActiveCfg = Debug|Any CPU
		{5833ED04-4638-472D-911A-728B7A03C0D1}.Debug|Any CPU.Build.0 = Debug|Any CPU
		{5833ED04-4638-472D-911A-728B7A03C0D1}.Debug|ARM.ActiveCfg = Debug|Any CPU
		{5833ED04-4638-472D-911A-728B7A03C0D1}.Debug|iPhone.ActiveCfg = Debug|Any CPU
		{5833ED04-4638-472D-911A-728B7A03C0D1}.Debug|iPhoneSimulator.ActiveCfg = Debug|Any CPU
		{5833ED04-4638-472D-911A-728B7A03C0D1}.Debug|Mixed Platforms.ActiveCfg = Debug|Any CPU
		{5833ED04-4638-472D-911A-728B7A03C0D1}.Debug|Mixed Platforms.Build.0 = Debug|Any CPU
		{5833ED04-4638-472D-911A-728B7A03C0D1}.Debug|x86.ActiveCfg = Debug|Any CPU
		{5833ED04-4638-472D-911A-728B7A03C0D1}.Release|Any CPU.ActiveCfg = Release|Any CPU
		{5833ED04-4638-472D-911A-728B7A03C0D1}.Release|Any CPU.Build.0 = Release|Any CPU
		{5833ED04-4638-472D-911A-728B7A03C0D1}.Release|ARM.ActiveCfg = Release|Any CPU
		{5833ED04-4638-472D-911A-728B7A03C0D1}.Release|iPhone.ActiveCfg = Release|Any CPU
		{5833ED04-4638-472D-911A-728B7A03C0D1}.Release|iPhoneSimulator.ActiveCfg = Release|Any CPU
		{5833ED04-4638-472D-911A-728B7A03C0D1}.Release|Mixed Platforms.ActiveCfg = Release|Any CPU
		{5833ED04-4638-472D-911A-728B7A03C0D1}.Release|Mixed Platforms.Build.0 = Release|Any CPU
		{5833ED04-4638-472D-911A-728B7A03C0D1}.Release|x86.ActiveCfg = Release|Any CPU
		{602A2388-5B02-4F99-8BF2-80D362855FBA}.Ad-Hoc|Any CPU.ActiveCfg = Release|Any CPU
		{602A2388-5B02-4F99-8BF2-80D362855FBA}.Ad-Hoc|Any CPU.Build.0 = Release|Any CPU
		{602A2388-5B02-4F99-8BF2-80D362855FBA}.Ad-Hoc|ARM.ActiveCfg = Release|ARM
		{602A2388-5B02-4F99-8BF2-80D362855FBA}.Ad-Hoc|ARM.Build.0 = Release|ARM
		{602A2388-5B02-4F99-8BF2-80D362855FBA}.Ad-Hoc|iPhone.ActiveCfg = Release|Any CPU
		{602A2388-5B02-4F99-8BF2-80D362855FBA}.Ad-Hoc|iPhoneSimulator.ActiveCfg = Release|Any CPU
		{602A2388-5B02-4F99-8BF2-80D362855FBA}.Ad-Hoc|Mixed Platforms.ActiveCfg = Release|x86
		{602A2388-5B02-4F99-8BF2-80D362855FBA}.Ad-Hoc|Mixed Platforms.Build.0 = Release|x86
		{602A2388-5B02-4F99-8BF2-80D362855FBA}.Ad-Hoc|x86.ActiveCfg = Release|x86
		{602A2388-5B02-4F99-8BF2-80D362855FBA}.Ad-Hoc|x86.Build.0 = Release|x86
		{602A2388-5B02-4F99-8BF2-80D362855FBA}.AppStore|Any CPU.ActiveCfg = Release|Any CPU
		{602A2388-5B02-4F99-8BF2-80D362855FBA}.AppStore|Any CPU.Build.0 = Release|Any CPU
		{602A2388-5B02-4F99-8BF2-80D362855FBA}.AppStore|ARM.ActiveCfg = Release|ARM
		{602A2388-5B02-4F99-8BF2-80D362855FBA}.AppStore|ARM.Build.0 = Release|ARM
		{602A2388-5B02-4F99-8BF2-80D362855FBA}.AppStore|iPhone.ActiveCfg = Release|Any CPU
		{602A2388-5B02-4F99-8BF2-80D362855FBA}.AppStore|iPhoneSimulator.ActiveCfg = Release|Any CPU
		{602A2388-5B02-4F99-8BF2-80D362855FBA}.AppStore|Mixed Platforms.ActiveCfg = Release|x86
		{602A2388-5B02-4F99-8BF2-80D362855FBA}.AppStore|Mixed Platforms.Build.0 = Release|x86
		{602A2388-5B02-4F99-8BF2-80D362855FBA}.AppStore|x86.ActiveCfg = Release|x86
		{602A2388-5B02-4F99-8BF2-80D362855FBA}.AppStore|x86.Build.0 = Release|x86
		{602A2388-5B02-4F99-8BF2-80D362855FBA}.Debug|Any CPU.ActiveCfg = Debug|Any CPU
		{602A2388-5B02-4F99-8BF2-80D362855FBA}.Debug|Any CPU.Build.0 = Debug|Any CPU
		{602A2388-5B02-4F99-8BF2-80D362855FBA}.Debug|ARM.ActiveCfg = Debug|ARM
		{602A2388-5B02-4F99-8BF2-80D362855FBA}.Debug|ARM.Build.0 = Debug|ARM
		{602A2388-5B02-4F99-8BF2-80D362855FBA}.Debug|iPhone.ActiveCfg = Debug|Any CPU
		{602A2388-5B02-4F99-8BF2-80D362855FBA}.Debug|iPhoneSimulator.ActiveCfg = Debug|Any CPU
		{602A2388-5B02-4F99-8BF2-80D362855FBA}.Debug|Mixed Platforms.ActiveCfg = Debug|x86
		{602A2388-5B02-4F99-8BF2-80D362855FBA}.Debug|Mixed Platforms.Build.0 = Debug|x86
		{602A2388-5B02-4F99-8BF2-80D362855FBA}.Debug|x86.ActiveCfg = Debug|x86
		{602A2388-5B02-4F99-8BF2-80D362855FBA}.Debug|x86.Build.0 = Debug|x86
		{602A2388-5B02-4F99-8BF2-80D362855FBA}.Release|Any CPU.ActiveCfg = Release|Any CPU
		{602A2388-5B02-4F99-8BF2-80D362855FBA}.Release|Any CPU.Build.0 = Release|Any CPU
		{602A2388-5B02-4F99-8BF2-80D362855FBA}.Release|ARM.ActiveCfg = Release|ARM
		{602A2388-5B02-4F99-8BF2-80D362855FBA}.Release|ARM.Build.0 = Release|ARM
		{602A2388-5B02-4F99-8BF2-80D362855FBA}.Release|iPhone.ActiveCfg = Release|Any CPU
		{602A2388-5B02-4F99-8BF2-80D362855FBA}.Release|iPhoneSimulator.ActiveCfg = Release|Any CPU
		{602A2388-5B02-4F99-8BF2-80D362855FBA}.Release|Mixed Platforms.ActiveCfg = Release|x86
		{602A2388-5B02-4F99-8BF2-80D362855FBA}.Release|Mixed Platforms.Build.0 = Release|x86
		{602A2388-5B02-4F99-8BF2-80D362855FBA}.Release|x86.ActiveCfg = Release|x86
		{602A2388-5B02-4F99-8BF2-80D362855FBA}.Release|x86.Build.0 = Release|x86
		{82E07B09-C55F-43CD-8092-EDCA32A529BC}.Ad-Hoc|Any CPU.ActiveCfg = Release|Any CPU
		{82E07B09-C55F-43CD-8092-EDCA32A529BC}.Ad-Hoc|Any CPU.Build.0 = Release|Any CPU
		{82E07B09-C55F-43CD-8092-EDCA32A529BC}.Ad-Hoc|Any CPU.Deploy.0 = Release|Any CPU
		{82E07B09-C55F-43CD-8092-EDCA32A529BC}.Ad-Hoc|ARM.ActiveCfg = Release|Any CPU
		{82E07B09-C55F-43CD-8092-EDCA32A529BC}.Ad-Hoc|iPhone.ActiveCfg = Release|Any CPU
		{82E07B09-C55F-43CD-8092-EDCA32A529BC}.Ad-Hoc|iPhoneSimulator.ActiveCfg = Release|Any CPU
		{82E07B09-C55F-43CD-8092-EDCA32A529BC}.Ad-Hoc|Mixed Platforms.ActiveCfg = Release|Any CPU
		{82E07B09-C55F-43CD-8092-EDCA32A529BC}.Ad-Hoc|Mixed Platforms.Build.0 = Release|Any CPU
		{82E07B09-C55F-43CD-8092-EDCA32A529BC}.Ad-Hoc|Mixed Platforms.Deploy.0 = Release|Any CPU
		{82E07B09-C55F-43CD-8092-EDCA32A529BC}.Ad-Hoc|x86.ActiveCfg = Release|Any CPU
		{82E07B09-C55F-43CD-8092-EDCA32A529BC}.AppStore|Any CPU.ActiveCfg = Release|Any CPU
		{82E07B09-C55F-43CD-8092-EDCA32A529BC}.AppStore|Any CPU.Build.0 = Release|Any CPU
		{82E07B09-C55F-43CD-8092-EDCA32A529BC}.AppStore|Any CPU.Deploy.0 = Release|Any CPU
		{82E07B09-C55F-43CD-8092-EDCA32A529BC}.AppStore|ARM.ActiveCfg = Release|Any CPU
		{82E07B09-C55F-43CD-8092-EDCA32A529BC}.AppStore|iPhone.ActiveCfg = Release|Any CPU
		{82E07B09-C55F-43CD-8092-EDCA32A529BC}.AppStore|iPhoneSimulator.ActiveCfg = Release|Any CPU
		{82E07B09-C55F-43CD-8092-EDCA32A529BC}.AppStore|Mixed Platforms.ActiveCfg = Release|Any CPU
		{82E07B09-C55F-43CD-8092-EDCA32A529BC}.AppStore|Mixed Platforms.Build.0 = Release|Any CPU
		{82E07B09-C55F-43CD-8092-EDCA32A529BC}.AppStore|Mixed Platforms.Deploy.0 = Release|Any CPU
		{82E07B09-C55F-43CD-8092-EDCA32A529BC}.AppStore|x86.ActiveCfg = Release|Any CPU
		{82E07B09-C55F-43CD-8092-EDCA32A529BC}.Debug|Any CPU.ActiveCfg = Debug|Any CPU
		{82E07B09-C55F-43CD-8092-EDCA32A529BC}.Debug|Any CPU.Build.0 = Debug|Any CPU
		{82E07B09-C55F-43CD-8092-EDCA32A529BC}.Debug|Any CPU.Deploy.0 = Debug|Any CPU
		{82E07B09-C55F-43CD-8092-EDCA32A529BC}.Debug|ARM.ActiveCfg = Debug|Any CPU
		{82E07B09-C55F-43CD-8092-EDCA32A529BC}.Debug|iPhone.ActiveCfg = Debug|Any CPU
		{82E07B09-C55F-43CD-8092-EDCA32A529BC}.Debug|iPhoneSimulator.ActiveCfg = Debug|Any CPU
		{82E07B09-C55F-43CD-8092-EDCA32A529BC}.Debug|Mixed Platforms.ActiveCfg = Debug|Any CPU
		{82E07B09-C55F-43CD-8092-EDCA32A529BC}.Debug|Mixed Platforms.Build.0 = Debug|Any CPU
		{82E07B09-C55F-43CD-8092-EDCA32A529BC}.Debug|Mixed Platforms.Deploy.0 = Debug|Any CPU
		{82E07B09-C55F-43CD-8092-EDCA32A529BC}.Debug|x86.ActiveCfg = Debug|Any CPU
		{82E07B09-C55F-43CD-8092-EDCA32A529BC}.Release|Any CPU.ActiveCfg = Release|Any CPU
		{82E07B09-C55F-43CD-8092-EDCA32A529BC}.Release|Any CPU.Build.0 = Release|Any CPU
		{82E07B09-C55F-43CD-8092-EDCA32A529BC}.Release|Any CPU.Deploy.0 = Release|Any CPU
		{82E07B09-C55F-43CD-8092-EDCA32A529BC}.Release|ARM.ActiveCfg = Release|Any CPU
		{82E07B09-C55F-43CD-8092-EDCA32A529BC}.Release|iPhone.ActiveCfg = Release|Any CPU
		{82E07B09-C55F-43CD-8092-EDCA32A529BC}.Release|iPhoneSimulator.ActiveCfg = Release|Any CPU
		{82E07B09-C55F-43CD-8092-EDCA32A529BC}.Release|Mixed Platforms.ActiveCfg = Release|Any CPU
		{82E07B09-C55F-43CD-8092-EDCA32A529BC}.Release|Mixed Platforms.Build.0 = Release|Any CPU
		{82E07B09-C55F-43CD-8092-EDCA32A529BC}.Release|Mixed Platforms.Deploy.0 = Release|Any CPU
		{82E07B09-C55F-43CD-8092-EDCA32A529BC}.Release|x86.ActiveCfg = Release|Any CPU
		{89BC5EE7-8D42-4BDD-8BBC-50DBA700C0A9}.Ad-Hoc|Any CPU.ActiveCfg = Release|Any CPU
		{89BC5EE7-8D42-4BDD-8BBC-50DBA700C0A9}.Ad-Hoc|Any CPU.Build.0 = Release|Any CPU
		{89BC5EE7-8D42-4BDD-8BBC-50DBA700C0A9}.Ad-Hoc|ARM.ActiveCfg = Release|Any CPU
		{89BC5EE7-8D42-4BDD-8BBC-50DBA700C0A9}.Ad-Hoc|iPhone.ActiveCfg = Release|Any CPU
		{89BC5EE7-8D42-4BDD-8BBC-50DBA700C0A9}.Ad-Hoc|iPhoneSimulator.ActiveCfg = Release|Any CPU
		{89BC5EE7-8D42-4BDD-8BBC-50DBA700C0A9}.Ad-Hoc|Mixed Platforms.ActiveCfg = Release|Any CPU
		{89BC5EE7-8D42-4BDD-8BBC-50DBA700C0A9}.Ad-Hoc|Mixed Platforms.Build.0 = Release|Any CPU
		{89BC5EE7-8D42-4BDD-8BBC-50DBA700C0A9}.Ad-Hoc|x86.ActiveCfg = Release|Any CPU
		{89BC5EE7-8D42-4BDD-8BBC-50DBA700C0A9}.AppStore|Any CPU.ActiveCfg = Release|Any CPU
		{89BC5EE7-8D42-4BDD-8BBC-50DBA700C0A9}.AppStore|Any CPU.Build.0 = Release|Any CPU
		{89BC5EE7-8D42-4BDD-8BBC-50DBA700C0A9}.AppStore|ARM.ActiveCfg = Release|Any CPU
		{89BC5EE7-8D42-4BDD-8BBC-50DBA700C0A9}.AppStore|iPhone.ActiveCfg = Release|Any CPU
		{89BC5EE7-8D42-4BDD-8BBC-50DBA700C0A9}.AppStore|iPhoneSimulator.ActiveCfg = Release|Any CPU
		{89BC5EE7-8D42-4BDD-8BBC-50DBA700C0A9}.AppStore|Mixed Platforms.ActiveCfg = Release|Any CPU
		{89BC5EE7-8D42-4BDD-8BBC-50DBA700C0A9}.AppStore|Mixed Platforms.Build.0 = Release|Any CPU
		{89BC5EE7-8D42-4BDD-8BBC-50DBA700C0A9}.AppStore|x86.ActiveCfg = Release|Any CPU
		{89BC5EE7-8D42-4BDD-8BBC-50DBA700C0A9}.Debug|Any CPU.ActiveCfg = Debug|Any CPU
		{89BC5EE7-8D42-4BDD-8BBC-50DBA700C0A9}.Debug|Any CPU.Build.0 = Debug|Any CPU
		{89BC5EE7-8D42-4BDD-8BBC-50DBA700C0A9}.Debug|ARM.ActiveCfg = Debug|Any CPU
		{89BC5EE7-8D42-4BDD-8BBC-50DBA700C0A9}.Debug|iPhone.ActiveCfg = Debug|Any CPU
		{89BC5EE7-8D42-4BDD-8BBC-50DBA700C0A9}.Debug|iPhoneSimulator.ActiveCfg = Debug|Any CPU
		{89BC5EE7-8D42-4BDD-8BBC-50DBA700C0A9}.Debug|Mixed Platforms.ActiveCfg = Debug|Any CPU
		{89BC5EE7-8D42-4BDD-8BBC-50DBA700C0A9}.Debug|Mixed Platforms.Build.0 = Debug|Any CPU
		{89BC5EE7-8D42-4BDD-8BBC-50DBA700C0A9}.Debug|x86.ActiveCfg = Debug|Any CPU
		{89BC5EE7-8D42-4BDD-8BBC-50DBA700C0A9}.Release|Any CPU.ActiveCfg = Release|Any CPU
		{89BC5EE7-8D42-4BDD-8BBC-50DBA700C0A9}.Release|Any CPU.Build.0 = Release|Any CPU
		{89BC5EE7-8D42-4BDD-8BBC-50DBA700C0A9}.Release|ARM.ActiveCfg = Release|Any CPU
		{89BC5EE7-8D42-4BDD-8BBC-50DBA700C0A9}.Release|iPhone.ActiveCfg = Release|Any CPU
		{89BC5EE7-8D42-4BDD-8BBC-50DBA700C0A9}.Release|iPhoneSimulator.ActiveCfg = Release|Any CPU
		{89BC5EE7-8D42-4BDD-8BBC-50DBA700C0A9}.Release|Mixed Platforms.ActiveCfg = Release|Any CPU
		{89BC5EE7-8D42-4BDD-8BBC-50DBA700C0A9}.Release|Mixed Platforms.Build.0 = Release|Any CPU
		{89BC5EE7-8D42-4BDD-8BBC-50DBA700C0A9}.Release|x86.ActiveCfg = Release|Any CPU
		{980B2CDC-96E3-49CB-845E-D670BEEF8C23}.Ad-Hoc|Any CPU.ActiveCfg = Release|Any CPU
		{980B2CDC-96E3-49CB-845E-D670BEEF8C23}.Ad-Hoc|Any CPU.Build.0 = Release|Any CPU
		{980B2CDC-96E3-49CB-845E-D670BEEF8C23}.Ad-Hoc|ARM.ActiveCfg = Release|Any CPU
		{980B2CDC-96E3-49CB-845E-D670BEEF8C23}.Ad-Hoc|ARM.Build.0 = Release|Any CPU
		{980B2CDC-96E3-49CB-845E-D670BEEF8C23}.Ad-Hoc|iPhone.ActiveCfg = Release|Any CPU
		{980B2CDC-96E3-49CB-845E-D670BEEF8C23}.Ad-Hoc|iPhone.Build.0 = Release|Any CPU
		{980B2CDC-96E3-49CB-845E-D670BEEF8C23}.Ad-Hoc|iPhoneSimulator.ActiveCfg = Release|Any CPU
		{980B2CDC-96E3-49CB-845E-D670BEEF8C23}.Ad-Hoc|iPhoneSimulator.Build.0 = Release|Any CPU
		{980B2CDC-96E3-49CB-845E-D670BEEF8C23}.Ad-Hoc|Mixed Platforms.ActiveCfg = Release|Any CPU
		{980B2CDC-96E3-49CB-845E-D670BEEF8C23}.Ad-Hoc|Mixed Platforms.Build.0 = Release|Any CPU
		{980B2CDC-96E3-49CB-845E-D670BEEF8C23}.Ad-Hoc|x86.ActiveCfg = Release|Any CPU
		{980B2CDC-96E3-49CB-845E-D670BEEF8C23}.Ad-Hoc|x86.Build.0 = Release|Any CPU
		{980B2CDC-96E3-49CB-845E-D670BEEF8C23}.AppStore|Any CPU.ActiveCfg = Release|Any CPU
		{980B2CDC-96E3-49CB-845E-D670BEEF8C23}.AppStore|Any CPU.Build.0 = Release|Any CPU
		{980B2CDC-96E3-49CB-845E-D670BEEF8C23}.AppStore|ARM.ActiveCfg = Release|Any CPU
		{980B2CDC-96E3-49CB-845E-D670BEEF8C23}.AppStore|ARM.Build.0 = Release|Any CPU
		{980B2CDC-96E3-49CB-845E-D670BEEF8C23}.AppStore|iPhone.ActiveCfg = Release|Any CPU
		{980B2CDC-96E3-49CB-845E-D670BEEF8C23}.AppStore|iPhone.Build.0 = Release|Any CPU
		{980B2CDC-96E3-49CB-845E-D670BEEF8C23}.AppStore|iPhoneSimulator.ActiveCfg = Release|Any CPU
		{980B2CDC-96E3-49CB-845E-D670BEEF8C23}.AppStore|iPhoneSimulator.Build.0 = Release|Any CPU
		{980B2CDC-96E3-49CB-845E-D670BEEF8C23}.AppStore|Mixed Platforms.ActiveCfg = Release|Any CPU
		{980B2CDC-96E3-49CB-845E-D670BEEF8C23}.AppStore|Mixed Platforms.Build.0 = Release|Any CPU
		{980B2CDC-96E3-49CB-845E-D670BEEF8C23}.AppStore|x86.ActiveCfg = Release|Any CPU
		{980B2CDC-96E3-49CB-845E-D670BEEF8C23}.AppStore|x86.Build.0 = Release|Any CPU
		{980B2CDC-96E3-49CB-845E-D670BEEF8C23}.Debug|Any CPU.ActiveCfg = Debug|Any CPU
		{980B2CDC-96E3-49CB-845E-D670BEEF8C23}.Debug|Any CPU.Build.0 = Debug|Any CPU
		{980B2CDC-96E3-49CB-845E-D670BEEF8C23}.Debug|ARM.ActiveCfg = Debug|Any CPU
		{980B2CDC-96E3-49CB-845E-D670BEEF8C23}.Debug|ARM.Build.0 = Debug|Any CPU
		{980B2CDC-96E3-49CB-845E-D670BEEF8C23}.Debug|iPhone.ActiveCfg = Debug|Any CPU
		{980B2CDC-96E3-49CB-845E-D670BEEF8C23}.Debug|iPhone.Build.0 = Debug|Any CPU
		{980B2CDC-96E3-49CB-845E-D670BEEF8C23}.Debug|iPhoneSimulator.ActiveCfg = Debug|Any CPU
		{980B2CDC-96E3-49CB-845E-D670BEEF8C23}.Debug|iPhoneSimulator.Build.0 = Debug|Any CPU
		{980B2CDC-96E3-49CB-845E-D670BEEF8C23}.Debug|Mixed Platforms.ActiveCfg = Debug|Any CPU
		{980B2CDC-96E3-49CB-845E-D670BEEF8C23}.Debug|Mixed Platforms.Build.0 = Debug|Any CPU
		{980B2CDC-96E3-49CB-845E-D670BEEF8C23}.Debug|x86.ActiveCfg = Debug|Any CPU
		{980B2CDC-96E3-49CB-845E-D670BEEF8C23}.Debug|x86.Build.0 = Debug|Any CPU
		{980B2CDC-96E3-49CB-845E-D670BEEF8C23}.Release|Any CPU.ActiveCfg = Release|Any CPU
		{980B2CDC-96E3-49CB-845E-D670BEEF8C23}.Release|Any CPU.Build.0 = Release|Any CPU
		{980B2CDC-96E3-49CB-845E-D670BEEF8C23}.Release|ARM.ActiveCfg = Release|Any CPU
		{980B2CDC-96E3-49CB-845E-D670BEEF8C23}.Release|ARM.Build.0 = Release|Any CPU
		{980B2CDC-96E3-49CB-845E-D670BEEF8C23}.Release|iPhone.ActiveCfg = Release|Any CPU
		{980B2CDC-96E3-49CB-845E-D670BEEF8C23}.Release|iPhone.Build.0 = Release|Any CPU
		{980B2CDC-96E3-49CB-845E-D670BEEF8C23}.Release|iPhoneSimulator.ActiveCfg = Release|Any CPU
		{980B2CDC-96E3-49CB-845E-D670BEEF8C23}.Release|iPhoneSimulator.Build.0 = Release|Any CPU
		{980B2CDC-96E3-49CB-845E-D670BEEF8C23}.Release|Mixed Platforms.ActiveCfg = Release|Any CPU
		{980B2CDC-96E3-49CB-845E-D670BEEF8C23}.Release|Mixed Platforms.Build.0 = Release|Any CPU
		{980B2CDC-96E3-49CB-845E-D670BEEF8C23}.Release|x86.ActiveCfg = Release|Any CPU
		{980B2CDC-96E3-49CB-845E-D670BEEF8C23}.Release|x86.Build.0 = Release|Any CPU
		{A35E0D2E-F509-4925-8D08-293C330A8E08}.Ad-Hoc|Any CPU.ActiveCfg = Release|Any CPU
		{A35E0D2E-F509-4925-8D08-293C330A8E08}.Ad-Hoc|Any CPU.Build.0 = Release|Any CPU
		{A35E0D2E-F509-4925-8D08-293C330A8E08}.Ad-Hoc|ARM.ActiveCfg = Release|Any CPU
		{A35E0D2E-F509-4925-8D08-293C330A8E08}.Ad-Hoc|iPhone.ActiveCfg = Release|Any CPU
		{A35E0D2E-F509-4925-8D08-293C330A8E08}.Ad-Hoc|iPhoneSimulator.ActiveCfg = Release|Any CPU
		{A35E0D2E-F509-4925-8D08-293C330A8E08}.Ad-Hoc|Mixed Platforms.ActiveCfg = Release|Any CPU
		{A35E0D2E-F509-4925-8D08-293C330A8E08}.Ad-Hoc|Mixed Platforms.Build.0 = Release|Any CPU
		{A35E0D2E-F509-4925-8D08-293C330A8E08}.Ad-Hoc|x86.ActiveCfg = Release|Any CPU
		{A35E0D2E-F509-4925-8D08-293C330A8E08}.AppStore|Any CPU.ActiveCfg = Release|Any CPU
		{A35E0D2E-F509-4925-8D08-293C330A8E08}.AppStore|Any CPU.Build.0 = Release|Any CPU
		{A35E0D2E-F509-4925-8D08-293C330A8E08}.AppStore|ARM.ActiveCfg = Release|Any CPU
		{A35E0D2E-F509-4925-8D08-293C330A8E08}.AppStore|iPhone.ActiveCfg = Release|Any CPU
		{A35E0D2E-F509-4925-8D08-293C330A8E08}.AppStore|iPhoneSimulator.ActiveCfg = Release|Any CPU
		{A35E0D2E-F509-4925-8D08-293C330A8E08}.AppStore|Mixed Platforms.ActiveCfg = Release|Any CPU
		{A35E0D2E-F509-4925-8D08-293C330A8E08}.AppStore|Mixed Platforms.Build.0 = Release|Any CPU
		{A35E0D2E-F509-4925-8D08-293C330A8E08}.AppStore|x86.ActiveCfg = Release|Any CPU
		{A35E0D2E-F509-4925-8D08-293C330A8E08}.Debug|Any CPU.ActiveCfg = Debug|Any CPU
		{A35E0D2E-F509-4925-8D08-293C330A8E08}.Debug|Any CPU.Build.0 = Debug|Any CPU
		{A35E0D2E-F509-4925-8D08-293C330A8E08}.Debug|ARM.ActiveCfg = Debug|Any CPU
		{A35E0D2E-F509-4925-8D08-293C330A8E08}.Debug|iPhone.ActiveCfg = Debug|Any CPU
		{A35E0D2E-F509-4925-8D08-293C330A8E08}.Debug|iPhoneSimulator.ActiveCfg = Debug|Any CPU
		{A35E0D2E-F509-4925-8D08-293C330A8E08}.Debug|Mixed Platforms.ActiveCfg = Debug|Any CPU
		{A35E0D2E-F509-4925-8D08-293C330A8E08}.Debug|Mixed Platforms.Build.0 = Debug|Any CPU
		{A35E0D2E-F509-4925-8D08-293C330A8E08}.Debug|x86.ActiveCfg = Debug|Any CPU
		{A35E0D2E-F509-4925-8D08-293C330A8E08}.Release|Any CPU.ActiveCfg = Release|Any CPU
		{A35E0D2E-F509-4925-8D08-293C330A8E08}.Release|Any CPU.Build.0 = Release|Any CPU
		{A35E0D2E-F509-4925-8D08-293C330A8E08}.Release|ARM.ActiveCfg = Release|Any CPU
		{A35E0D2E-F509-4925-8D08-293C330A8E08}.Release|iPhone.ActiveCfg = Release|Any CPU
		{A35E0D2E-F509-4925-8D08-293C330A8E08}.Release|iPhoneSimulator.ActiveCfg = Release|Any CPU
		{A35E0D2E-F509-4925-8D08-293C330A8E08}.Release|Mixed Platforms.ActiveCfg = Release|Any CPU
		{A35E0D2E-F509-4925-8D08-293C330A8E08}.Release|Mixed Platforms.Build.0 = Release|Any CPU
		{A35E0D2E-F509-4925-8D08-293C330A8E08}.Release|x86.ActiveCfg = Release|Any CPU
		{AEFEEC0A-9704-4441-BF38-BC034F818A85}.Ad-Hoc|Any CPU.ActiveCfg = Ad-Hoc|iPhone
		{AEFEEC0A-9704-4441-BF38-BC034F818A85}.Ad-Hoc|ARM.ActiveCfg = Ad-Hoc|iPhone
		{AEFEEC0A-9704-4441-BF38-BC034F818A85}.Ad-Hoc|iPhone.ActiveCfg = Ad-Hoc|iPhone
		{AEFEEC0A-9704-4441-BF38-BC034F818A85}.Ad-Hoc|iPhone.Build.0 = Ad-Hoc|iPhone
		{AEFEEC0A-9704-4441-BF38-BC034F818A85}.Ad-Hoc|iPhoneSimulator.ActiveCfg = Ad-Hoc|iPhoneSimulator
		{AEFEEC0A-9704-4441-BF38-BC034F818A85}.Ad-Hoc|iPhoneSimulator.Build.0 = Ad-Hoc|iPhoneSimulator
		{AEFEEC0A-9704-4441-BF38-BC034F818A85}.Ad-Hoc|Mixed Platforms.ActiveCfg = Ad-Hoc|iPhone
		{AEFEEC0A-9704-4441-BF38-BC034F818A85}.Ad-Hoc|Mixed Platforms.Build.0 = Ad-Hoc|iPhone
		{AEFEEC0A-9704-4441-BF38-BC034F818A85}.Ad-Hoc|x86.ActiveCfg = Ad-Hoc|iPhone
		{AEFEEC0A-9704-4441-BF38-BC034F818A85}.AppStore|Any CPU.ActiveCfg = AppStore|iPhone
		{AEFEEC0A-9704-4441-BF38-BC034F818A85}.AppStore|ARM.ActiveCfg = AppStore|iPhone
		{AEFEEC0A-9704-4441-BF38-BC034F818A85}.AppStore|iPhone.ActiveCfg = AppStore|iPhone
		{AEFEEC0A-9704-4441-BF38-BC034F818A85}.AppStore|iPhone.Build.0 = AppStore|iPhone
		{AEFEEC0A-9704-4441-BF38-BC034F818A85}.AppStore|iPhoneSimulator.ActiveCfg = AppStore|iPhoneSimulator
		{AEFEEC0A-9704-4441-BF38-BC034F818A85}.AppStore|iPhoneSimulator.Build.0 = AppStore|iPhoneSimulator
		{AEFEEC0A-9704-4441-BF38-BC034F818A85}.AppStore|Mixed Platforms.ActiveCfg = AppStore|iPhone
		{AEFEEC0A-9704-4441-BF38-BC034F818A85}.AppStore|Mixed Platforms.Build.0 = AppStore|iPhone
		{AEFEEC0A-9704-4441-BF38-BC034F818A85}.AppStore|x86.ActiveCfg = AppStore|iPhone
		{AEFEEC0A-9704-4441-BF38-BC034F818A85}.Debug|Any CPU.ActiveCfg = Debug|iPhone
		{AEFEEC0A-9704-4441-BF38-BC034F818A85}.Debug|ARM.ActiveCfg = Debug|iPhone
		{AEFEEC0A-9704-4441-BF38-BC034F818A85}.Debug|iPhone.ActiveCfg = Debug|iPhone
		{AEFEEC0A-9704-4441-BF38-BC034F818A85}.Debug|iPhone.Build.0 = Debug|iPhone
		{AEFEEC0A-9704-4441-BF38-BC034F818A85}.Debug|iPhoneSimulator.ActiveCfg = Debug|iPhoneSimulator
		{AEFEEC0A-9704-4441-BF38-BC034F818A85}.Debug|iPhoneSimulator.Build.0 = Debug|iPhoneSimulator
		{AEFEEC0A-9704-4441-BF38-BC034F818A85}.Debug|Mixed Platforms.ActiveCfg = Debug|iPhone
		{AEFEEC0A-9704-4441-BF38-BC034F818A85}.Debug|Mixed Platforms.Build.0 = Debug|iPhone
		{AEFEEC0A-9704-4441-BF38-BC034F818A85}.Debug|x86.ActiveCfg = Debug|iPhone
		{AEFEEC0A-9704-4441-BF38-BC034F818A85}.Release|Any CPU.ActiveCfg = Release|iPhone
		{AEFEEC0A-9704-4441-BF38-BC034F818A85}.Release|ARM.ActiveCfg = Release|iPhone
		{AEFEEC0A-9704-4441-BF38-BC034F818A85}.Release|iPhone.ActiveCfg = Release|iPhone
		{AEFEEC0A-9704-4441-BF38-BC034F818A85}.Release|iPhone.Build.0 = Release|iPhone
		{AEFEEC0A-9704-4441-BF38-BC034F818A85}.Release|iPhoneSimulator.ActiveCfg = Release|iPhoneSimulator
		{AEFEEC0A-9704-4441-BF38-BC034F818A85}.Release|iPhoneSimulator.Build.0 = Release|iPhoneSimulator
		{AEFEEC0A-9704-4441-BF38-BC034F818A85}.Release|Mixed Platforms.ActiveCfg = Release|iPhone
		{AEFEEC0A-9704-4441-BF38-BC034F818A85}.Release|Mixed Platforms.Build.0 = Release|iPhone
		{AEFEEC0A-9704-4441-BF38-BC034F818A85}.Release|x86.ActiveCfg = Release|iPhone
		{F00E1613-0D67-496A-9AAE-719FD75E9994}.Ad-Hoc|Any CPU.ActiveCfg = Release|Any CPU
		{F00E1613-0D67-496A-9AAE-719FD75E9994}.Ad-Hoc|Any CPU.Build.0 = Release|Any CPU
		{F00E1613-0D67-496A-9AAE-719FD75E9994}.Ad-Hoc|ARM.ActiveCfg = Release|Any CPU
		{F00E1613-0D67-496A-9AAE-719FD75E9994}.Ad-Hoc|iPhone.ActiveCfg = Release|Any CPU
		{F00E1613-0D67-496A-9AAE-719FD75E9994}.Ad-Hoc|iPhoneSimulator.ActiveCfg = Release|Any CPU
		{F00E1613-0D67-496A-9AAE-719FD75E9994}.Ad-Hoc|Mixed Platforms.ActiveCfg = Release|Any CPU
		{F00E1613-0D67-496A-9AAE-719FD75E9994}.Ad-Hoc|Mixed Platforms.Build.0 = Release|Any CPU
		{F00E1613-0D67-496A-9AAE-719FD75E9994}.Ad-Hoc|x86.ActiveCfg = Release|Any CPU
		{F00E1613-0D67-496A-9AAE-719FD75E9994}.AppStore|Any CPU.ActiveCfg = Release|Any CPU
		{F00E1613-0D67-496A-9AAE-719FD75E9994}.AppStore|Any CPU.Build.0 = Release|Any CPU
		{F00E1613-0D67-496A-9AAE-719FD75E9994}.AppStore|ARM.ActiveCfg = Release|Any CPU
		{F00E1613-0D67-496A-9AAE-719FD75E9994}.AppStore|iPhone.ActiveCfg = Release|Any CPU
		{F00E1613-0D67-496A-9AAE-719FD75E9994}.AppStore|iPhoneSimulator.ActiveCfg = Release|Any CPU
		{F00E1613-0D67-496A-9AAE-719FD75E9994}.AppStore|Mixed Platforms.ActiveCfg = Release|Any CPU
		{F00E1613-0D67-496A-9AAE-719FD75E9994}.AppStore|Mixed Platforms.Build.0 = Release|Any CPU
		{F00E1613-0D67-496A-9AAE-719FD75E9994}.AppStore|x86.ActiveCfg = Release|Any CPU
		{F00E1613-0D67-496A-9AAE-719FD75E9994}.Debug|Any CPU.ActiveCfg = Debug|Any CPU
		{F00E1613-0D67-496A-9AAE-719FD75E9994}.Debug|Any CPU.Build.0 = Debug|Any CPU
		{F00E1613-0D67-496A-9AAE-719FD75E9994}.Debug|ARM.ActiveCfg = Debug|Any CPU
		{F00E1613-0D67-496A-9AAE-719FD75E9994}.Debug|iPhone.ActiveCfg = Debug|Any CPU
		{F00E1613-0D67-496A-9AAE-719FD75E9994}.Debug|iPhoneSimulator.ActiveCfg = Debug|Any CPU
		{F00E1613-0D67-496A-9AAE-719FD75E9994}.Debug|Mixed Platforms.ActiveCfg = Debug|Any CPU
		{F00E1613-0D67-496A-9AAE-719FD75E9994}.Debug|Mixed Platforms.Build.0 = Debug|Any CPU
		{F00E1613-0D67-496A-9AAE-719FD75E9994}.Debug|x86.ActiveCfg = Debug|Any CPU
		{F00E1613-0D67-496A-9AAE-719FD75E9994}.Release|Any CPU.ActiveCfg = Release|Any CPU
		{F00E1613-0D67-496A-9AAE-719FD75E9994}.Release|Any CPU.Build.0 = Release|Any CPU
		{F00E1613-0D67-496A-9AAE-719FD75E9994}.Release|ARM.ActiveCfg = Release|Any CPU
		{F00E1613-0D67-496A-9AAE-719FD75E9994}.Release|iPhone.ActiveCfg = Release|Any CPU
		{F00E1613-0D67-496A-9AAE-719FD75E9994}.Release|iPhoneSimulator.ActiveCfg = Release|Any CPU
		{F00E1613-0D67-496A-9AAE-719FD75E9994}.Release|Mixed Platforms.ActiveCfg = Release|Any CPU
		{F00E1613-0D67-496A-9AAE-719FD75E9994}.Release|Mixed Platforms.Build.0 = Release|Any CPU
		{F00E1613-0D67-496A-9AAE-719FD75E9994}.Release|x86.ActiveCfg = Release|Any CPU
	EndGlobalSection
	GlobalSection(NestedProjects) = preSolution
		{A35E0D2E-F509-4925-8D08-293C330A8E08} = {5D70461B-E25A-4251-9084-480B02E4F0CB}
		{89BC5EE7-8D42-4BDD-8BBC-50DBA700C0A9} = {5D70461B-E25A-4251-9084-480B02E4F0CB}
		{5833ED04-4638-472D-911A-728B7A03C0D1} = {5D70461B-E25A-4251-9084-480B02E4F0CB}
		{452A5A92-9194-4C1D-9775-382A44785336} = {5D70461B-E25A-4251-9084-480B02E4F0CB}
		{602A2388-5B02-4F99-8BF2-80D362855FBA} = {5D70461B-E25A-4251-9084-480B02E4F0CB}
	EndGlobalSection
	GlobalSection(SharedMSBuildProjectFiles) = preSolution
		Acr.IO.Shared\Acr.IO.Shared.projitems*{602a2388-5b02-4f99-8bf2-80d362855fba}*SharedItemsImports = 4
		Acr.IO.Shared\Acr.IO.Shared.projitems*{a15fd6bd-96e8-4094-8647-fec769dc38de}*SharedItemsImports = 13
		Acr.IO.Shared\Acr.IO.Shared.projitems*{452a5a92-9194-4c1d-9775-382a44785336}*SharedItemsImports = 4
		Acr.IO.Shared\Acr.IO.Shared.projitems*{89bc5ee7-8d42-4bdd-8bbc-50dba700c0a9}*SharedItemsImports = 4
		Acr.IO.Shared\Acr.IO.Shared.projitems*{5833ed04-4638-472d-911a-728b7a03c0d1}*SharedItemsImports = 4
		Acr.IO.Shared\Acr.IO.Shared.projitems*{a35e0d2e-f509-4925-8d08-293c330a8e08}*SharedItemsImports = 4
	EndGlobalSection
	GlobalSection(SolutionProperties) = preSolution
		HideSolutionNode = FALSE
	EndGlobalSection
EndGlobal
